
Microsoft Visual Studio Solution File, Format Version 12.00
# Visual Studio 15
VisualStudioVersion = 15.0.27703.2026
MinimumVisualStudioVersion = 10.0.40219.1
Project("{FAE04EC0-301F-11D3-BF4B-00C04F79EFBC}") = "ProEstoque", "ProEstoque\ProEstoque.csproj", "{123866D3-C98D-4918-B368-6A2B62064FE0}"
EndProject
Global
	GlobalSection(SolutionConfigurationPlatforms) = preSolution
		Debug|Any CPU = Debug|Any CPU
		Release|Any CPU = Release|Any CPU
	EndGlobalSection
	GlobalSection(ProjectConfigurationPlatforms) = postSolution
		{123866D3-C98D-4918-B368-6A2B62064FE0}.Debug|Any CPU.ActiveCfg = Debug|Any CPU
		{123866D3-C98D-4918-B368-6A2B62064FE0}.Debug|Any CPU.Build.0 = Debug|Any CPU
		{123866D3-C98D-4918-B368-6A2B62064FE0}.Release|Any CPU.ActiveCfg = Release|Any CPU
		{123866D3-C98D-4918-B368-6A2B62064FE0}.Release|Any CPU.Build.0 = Release|Any CPU
	EndGlobalSection
	GlobalSection(SolutionProperties) = preSolution
		HideSolutionNode = FALSE
	EndGlobalSection
	GlobalSection(ExtensibilityGlobals) = postSolution
		SolutionGuid = {AE3C797D-1749-4BC4-A9F2-AFFD9C318E33}
	EndGlobalSection
EndGlobal
